// !$*UTF8*$!
{
	archiveVersion = 1;
	classes = {
	};
	objectVersion = 55;
	objects = {

/* Begin PBXBuildFile section */
		9706584E28F942E000617165 /* AppDelegate.swift in Sources */ = {isa = PBXBuildFile; fileRef = 9706584D28F942E000617165 /* AppDelegate.swift */; };
		9706585028F942E000617165 /* ViewController.swift in Sources */ = {isa = PBXBuildFile; fileRef = 9706584F28F942E000617165 /* ViewController.swift */; };
		9706585228F942E000617165 /* Assets.xcassets in Resources */ = {isa = PBXBuildFile; fileRef = 9706585128F942E000617165 /* Assets.xcassets */; };
		9706585528F942E000617165 /* Main.storyboard in Resources */ = {isa = PBXBuildFile; fileRef = 9706585328F942E000617165 /* Main.storyboard */; };
		9706585D28F9504500617165 /* PrefsViewController.swift in Sources */ = {isa = PBXBuildFile; fileRef = 9706585C28F9504500617165 /* PrefsViewController.swift */; };
		9706586128F9579B00617165 /* EggTimer.swift in Sources */ = {isa = PBXBuildFile; fileRef = 9706586028F9579B00617165 /* EggTimer.swift */; };
		9706586328F9646100617165 /* Preferences.swift in Sources */ = {isa = PBXBuildFile; fileRef = 9706586228F9646100617165 /* Preferences.swift */; };
		9706586728F96C8000617165 /* ding.mp3 in Resources */ = {isa = PBXBuildFile; fileRef = 9706586628F96C8000617165 /* ding.mp3 */; };
/* End PBXBuildFile section */

/* Begin PBXFileReference section */
		9706584A28F942E000617165 /* EggTimer.app */ = {isa = PBXFileReference; explicitFileType = wrapper.application; includeInIndex = 0; path = EggTimer.app; sourceTree = BUILT_PRODUCTS_DIR; };
		9706584D28F942E000617165 /* AppDelegate.swift */ = {isa = PBXFileReference; lastKnownFileType = sourcecode.swift; path = AppDelegate.swift; sourceTree = "<group>"; };
		9706584F28F942E000617165 /* ViewController.swift */ = {isa = PBXFileReference; lastKnownFileType = sourcecode.swift; path = ViewController.swift; sourceTree = "<group>"; };
		9706585128F942E000617165 /* Assets.xcassets */ = {isa = PBXFileReference; lastKnownFileType = folder.assetcatalog; path = Assets.xcassets; sourceTree = "<group>"; };
		9706585428F942E000617165 /* Base */ = {isa = PBXFileReference; lastKnownFileType = file.storyboard; name = Base; path = Base.lproj/Main.storyboard; sourceTree = "<group>"; };
		9706585628F942E000617165 /* EggTimer.entitlements */ = {isa = PBXFileReference; lastKnownFileType = text.plist.entitlements; path = EggTimer.entitlements; sourceTree = "<group>"; };
		9706585C28F9504500617165 /* PrefsViewController.swift */ = {isa = PBXFileReference; lastKnownFileType = sourcecode.swift; path = PrefsViewController.swift; sourceTree = "<group>"; };
		9706586028F9579B00617165 /* EggTimer.swift */ = {isa = PBXFileReference; lastKnownFileType = sourcecode.swift; path = EggTimer.swift; sourceTree = "<group>"; };
		9706586228F9646100617165 /* Preferences.swift */ = {isa = PBXFileReference; lastKnownFileType = sourcecode.swift; path = Preferences.swift; sourceTree = "<group>"; };
		9706586628F96C8000617165 /* ding.mp3 */ = {isa = PBXFileReference; lastKnownFileType = audio.mp3; path = ding.mp3; sourceTree = "<group>"; };
/* End PBXFileReference section */

/* Begin PBXFrameworksBuildPhase section */
		9706584728F942E000617165 /* Frameworks */ = {
			isa = PBXFrameworksBuildPhase;
			buildActionMask = 2147483647;
			files = (
			);
			runOnlyForDeploymentPostprocessing = 0;
		};
/* End PBXFrameworksBuildPhase section */

/* Begin PBXGroup section */
		9706584128F942E000617165 = {
			isa = PBXGroup;
			children = (
				9706584C28F942E000617165 /* EggTimer */,
				9706584B28F942E000617165 /* Products */,
			);
			sourceTree = "<group>";
		};
		9706584B28F942E000617165 /* Products */ = {
			isa = PBXGroup;
			children = (
				9706584A28F942E000617165 /* EggTimer.app */,
			);
			name = Products;
			sourceTree = "<group>";
		};
		9706584C28F942E000617165 /* EggTimer */ = {
			isa = PBXGroup;
			children = (
				9706584D28F942E000617165 /* AppDelegate.swift */,
				9706585E28F9574A00617165 /* View Controllers */,
				9706585F28F9576800617165 /* Model */,
				9706585328F942E000617165 /* Main.storyboard */,
				9706586628F96C8000617165 /* ding.mp3 */,
				9706585128F942E000617165 /* Assets.xcassets */,
				9706585628F942E000617165 /* EggTimer.entitlements */,
			);
			path = EggTimer;
			sourceTree = "<group>";
		};
		9706585E28F9574A00617165 /* View Controllers */ = {
			isa = PBXGroup;
			children = (
				9706584F28F942E000617165 /* ViewController.swift */,
				9706585C28F9504500617165 /* PrefsViewController.swift */,
			);
			path = "View Controllers";
			sourceTree = "<group>";
		};
		9706585F28F9576800617165 /* Model */ = {
			isa = PBXGroup;
			children = (
				9706586028F9579B00617165 /* EggTimer.swift */,
				9706586228F9646100617165 /* Preferences.swift */,
			);
			path = Model;
			sourceTree = "<group>";
		};
/* End PBXGroup section */

/* Begin PBXNativeTarget section */
		9706584928F942E000617165 /* EggTimer */ = {
			isa = PBXNativeTarget;
			buildConfigurationList = 9706585928F942E000617165 /* Build configuration list for PBXNativeTarget "EggTimer" */;
			buildPhases = (
				9706584628F942E000617165 /* Sources */,
				9706584728F942E000617165 /* Frameworks */,
				9706584828F942E000617165 /* Resources */,
			);
			buildRules = (
			);
			dependencies = (
			);
			name = EggTimer;
			productName = EggTimer;
			productReference = 9706584A28F942E000617165 /* EggTimer.app */;
			productType = "com.apple.product-type.application";
		};
/* End PBXNativeTarget section */

/* Begin PBXProject section */
		9706584228F942E000617165 /* Project object */ = {
			isa = PBXProject;
			attributes = {
				BuildIndependentTargetsInParallel = 1;
				LastSwiftUpdateCheck = 1330;
				LastUpgradeCheck = 1330;
				TargetAttributes = {
					9706584928F942E000617165 = {
						CreatedOnToolsVersion = 13.3;
					};
				};
			};
			buildConfigurationList = 9706584528F942E000617165 /* Build configuration list for PBXProject "EggTimer" */;
			compatibilityVersion = "Xcode 13.0";
			developmentRegion = en;
			hasScannedForEncodings = 0;
			knownRegions = (
				en,
				Base,
			);
			mainGroup = 9706584128F942E000617165;
			productRefGroup = 9706584B28F942E000617165 /* Products */;
			projectDirPath = "";
			projectRoot = "";
			targets = (
				9706584928F942E000617165 /* EggTimer */,
			);
		};
/* End PBXProject section */

/* Begin PBXResourcesBuildPhase section */
		9706584828F942E000617165 /* Resources */ = {
			isa = PBXResourcesBuildPhase;
			buildActionMask = 2147483647;
			files = (
				9706585228F942E000617165 /* Assets.xcassets in Resources */,
				9706585528F942E000617165 /* Main.storyboard in Resources */,
				9706586728F96C8000617165 /* ding.mp3 in Resources */,
			);
			runOnlyForDeploymentPostprocessing = 0;
		};
/* End PBXResourcesBuildPhase section */

/* Begin PBXSourcesBuildPhase section */
		9706584628F942E000617165 /* Sources */ = {
			isa = PBXSourcesBuildPhase;
			buildActionMask = 2147483647;
			files = (
				9706585028F942E000617165 /* ViewController.swift in Sources */,
				9706586128F9579B00617165 /* EggTimer.swift in Sources */,
				9706586328F9646100617165 /* Preferences.swift in Sources */,
				9706585D28F9504500617165 /* PrefsViewController.swift in Sources */,
				9706584E28F942E000617165 /* AppDelegate.swift in Sources */,
			);
			runOnlyForDeploymentPostprocessing = 0;
		};
/* End PBXSourcesBuildPhase section */

/* Begin PBXVariantGroup section */
		9706585328F942E000617165 /* Main.storyboard */ = {
			isa = PBXVariantGroup;
			children = (
				9706585428F942E000617165 /* Base */,
			);
			name = Main.storyboard;
			sourceTree = "<group>";
		};
/* End PBXVariantGroup section */

/* Begin XCBuildConfiguration section */
		9706585728F942E000617165 /* Debug */ = {
			isa = XCBuildConfiguration;
			buildSettings = {
				ALWAYS_SEARCH_USER_PATHS = NO;
				CLANG_ANALYZER_NONNULL = YES;
				CLANG_ANALYZER_NUMBER_OBJECT_CONVERSION = YES_AGGRESSIVE;
				CLANG_CXX_LANGUAGE_STANDARD = "gnu++17";
				CLANG_ENABLE_MODULES = YES;
				CLANG_ENABLE_OBJC_ARC = YES;
				CLANG_ENABLE_OBJC_WEAK = YES;
				CLANG_WARN_BLOCK_CAPTURE_AUTORELEASING = YES;
				CLANG_WARN_BOOL_CONVERSION = YES;
				CLANG_WARN_COMMA = YES;
				CLANG_WARN_CONSTANT_CONVERSION = YES;
				CLANG_WARN_DEPRECATED_OBJC_IMPLEMENTATIONS = YES;
				CLANG_WARN_DIRECT_OBJC_ISA_USAGE = YES_ERROR;
				CLANG_WARN_DOCUMENTATION_COMMENTS = YES;
				CLANG_WARN_EMPTY_BODY = YES;
				CLANG_WARN_ENUM_CONVERSION = YES;
				CLANG_WARN_INFINITE_RECURSION = YES;
				CLANG_WARN_INT_CONVERSION = YES;
				CLANG_WARN_NON_LITERAL_NULL_CONVERSION = YES;
				CLANG_WARN_OBJC_IMPLICIT_RETAIN_SELF = YES;
				CLANG_WARN_OBJC_LITERAL_CONVERSION = YES;
				CLANG_WARN_OBJC_ROOT_CLASS = YES_ERROR;
				CLANG_WARN_QUOTED_INCLUDE_IN_FRAMEWORK_HEADER = YES;
				CLANG_WARN_RANGE_LOOP_ANALYSIS = YES;
				CLANG_WARN_STRICT_PROTOTYPES = YES;
				CLANG_WARN_SUSPICIOUS_MOVE = YES;
				CLANG_WARN_UNGUARDED_AVAILABILITY = YES_AGGRESSIVE;
				CLANG_WARN_UNREACHABLE_CODE = YES;
				CLANG_WARN__DUPLICATE_METHOD_MATCH = YES;
				COPY_PHASE_STRIP = NO;
				DEBUG_INFORMATION_FORMAT = dwarf;
				ENABLE_STRICT_OBJC_MSGSEND = YES;
				ENABLE_TESTABILITY = YES;
				GCC_C_LANGUAGE_STANDARD = gnu11;
				GCC_DYNAMIC_NO_PIC = NO;
				GCC_NO_COMMON_BLOCKS = YES;
				GCC_OPTIMIZATION_LEVEL = 0;
				GCC_PREPROCESSOR_DEFINITIONS = (
					"DEBUG=1",
					"$(inherited)",
				);
				GCC_WARN_64_TO_32_BIT_CONVERSION = YES;
				GCC_WARN_ABOUT_RETURN_TYPE = YES_ERROR;
				GCC_WARN_UNDECLARED_SELECTOR = YES;
				GCC_WARN_UNINITIALIZED_AUTOS = YES_AGGRESSIVE;
				GCC_WARN_UNUSED_FUNCTION = YES;
				GCC_WARN_UNUSED_VARIABLE = YES;
				MACOSX_DEPLOYMENT_TARGET = 12.3;
				MTL_ENABLE_DEBUG_INFO = INCLUDE_SOURCE;
				MTL_FAST_MATH = YES;
				ONLY_ACTIVE_ARCH = YES;
				SDKROOT = macosx;
				SWIFT_ACTIVE_COMPILATION_CONDITIONS = DEBUG;
				SWIFT_OPTIMIZATION_LEVEL = "-Onone";
			};
			name = Debug;
		};
		9706585828F942E000617165 /* Release */ = {
			isa = XCBuildConfiguration;
			buildSettings = {
				ALWAYS_SEARCH_USER_PATHS = NO;
				CLANG_ANALYZER_NONNULL = YES;
				CLANG_ANALYZER_NUMBER_OBJECT_CONVERSION = YES_AGGRESSIVE;
				CLANG_CXX_LANGUAGE_STANDARD = "gnu++17";
				CLANG_ENABLE_MODULES = YES;
				CLANG_ENABLE_OBJC_ARC = YES;
				CLANG_ENABLE_OBJC_WEAK = YES;
				CLANG_WARN_BLOCK_CAPTURE_AUTORELEASING = YES;
				CLANG_WARN_BOOL_CONVERSION = YES;
				CLANG_WARN_COMMA = YES;
				CLANG_WARN_CONSTANT_CONVERSION = YES;
				CLANG_WARN_DEPRECATED_OBJC_IMPLEMENTATIONS = YES;
				CLANG_WARN_DIRECT_OBJC_ISA_USAGE = YES_ERROR;
				CLANG_WARN_DOCUMENTATION_COMMENTS = YES;
				CLANG_WARN_EMPTY_BODY = YES;
				CLANG_WARN_ENUM_CONVERSION = YES;
				CLANG_WARN_INFINITE_RECURSION = YES;
				CLANG_WARN_INT_CONVERSION = YES;
				CLANG_WARN_NON_LITERAL_NULL_CONVERSION = YES;
				CLANG_WARN_OBJC_IMPLICIT_RETAIN_SELF = YES;
				CLANG_WARN_OBJC_LITERAL_CONVERSION = YES;
				CLANG_WARN_OBJC_ROOT_CLASS = YES_ERROR;
				CLANG_WARN_QUOTED_INCLUDE_IN_FRAMEWORK_HEADER = YES;
				CLANG_WARN_RANGE_LOOP_ANALYSIS = YES;
				CLANG_WARN_STRICT_PROTOTYPES = YES;
				CLANG_WARN_SUSPICIOUS_MOVE = YES;
				CLANG_WARN_UNGUARDED_AVAILABILITY = YES_AGGRESSIVE;
				CLANG_WARN_UNREACHABLE_CODE = YES;
				CLANG_WARN__DUPLICATE_METHOD_MATCH = YES;
				COPY_PHASE_STRIP = NO;
				DEBUG_INFORMATION_FORMAT = "dwarf-with-dsym";
				ENABLE_NS_ASSERTIONS = NO;
				ENABLE_STRICT_OBJC_MSGSEND = YES;
				GCC_C_LANGUAGE_STANDARD = gnu11;
				GCC_NO_COMMON_BLOCKS = YES;
				GCC_WARN_64_TO_32_BIT_CONVERSION = YES;
				GCC_WARN_ABOUT_RETURN_TYPE = YES_ERROR;
				GCC_WARN_UNDECLARED_SELECTOR = YES;
				GCC_WARN_UNINITIALIZED_AUTOS = YES_AGGRESSIVE;
				GCC_WARN_UNUSED_FUNCTION = YES;
				GCC_WARN_UNUSED_VARIABLE = YES;
				MACOSX_DEPLOYMENT_TARGET = 12.3;
				MTL_ENABLE_DEBUG_INFO = NO;
				MTL_FAST_MATH = YES;
				SDKROOT = macosx;
				SWIFT_COMPILATION_MODE = wholemodule;
				SWIFT_OPTIMIZATION_LEVEL = "-O";
			};
			name = Release;
		};
		9706585A28F942E000617165 /* Debug */ = {
			isa = XCBuildConfiguration;
			buildSettings = {
				ASSETCATALOG_COMPILER_APPICON_NAME = AppIcon;
				ASSETCATALOG_COMPILER_GLOBAL_ACCENT_COLOR_NAME = AccentColor;
				CODE_SIGN_ENTITLEMENTS = EggTimer/EggTimer.entitlements;
				CODE_SIGN_STYLE = Automatic;
				COMBINE_HIDPI_IMAGES = YES;
				CURRENT_PROJECT_VERSION = 1;
				DEVELOPMENT_TEAM = 3QTJ8C3UN8;
				ENABLE_HARDENED_RUNTIME = YES;
				GENERATE_INFOPLIST_FILE = YES;
				INFOPLIST_KEY_NSHumanReadableCopyright = "";
				INFOPLIST_KEY_NSMainStoryboardFile = Main;
				INFOPLIST_KEY_NSPrincipalClass = NSApplication;
				LD_RUNPATH_SEARCH_PATHS = (
					"$(inherited)",
					"@executable_path/../Frameworks",
				);
				MARKETING_VERSION = 1.0;
				PRODUCT_BUNDLE_IDENTIFIER = kr.dy.EggTimer;
				PRODUCT_NAME = "$(TARGET_NAME)";
				SWIFT_EMIT_LOC_STRINGS = YES;
				SWIFT_VERSION = 5.0;
			};
			name = Debug;
		};
		9706585B28F942E000617165 /* Release */ = {
			isa = XCBuildConfiguration;
			buildSettings = {
				ASSETCATALOG_COMPILER_APPICON_NAME = AppIcon;
				ASSETCATALOG_COMPILER_GLOBAL_ACCENT_COLOR_NAME = AccentColor;
				CODE_SIGN_ENTITLEMENTS = EggTimer/EggTimer.entitlements;
				CODE_SIGN_STYLE = Automatic;
				COMBINE_HIDPI_IMAGES = YES;
				CURRENT_PROJECT_VERSION = 1;
				DEVELOPMENT_TEAM = 3QTJ8C3UN8;
				ENABLE_HARDENED_RUNTIME = YES;
				GENERATE_INFOPLIST_FILE = YES;
				INFOPLIST_KEY_NSHumanReadableCopyright = "";
				INFOPLIST_KEY_NSMainStoryboardFile = Main;
				INFOPLIST_KEY_NSPrincipalClass = NSApplication;
				LD_RUNPATH_SEARCH_PATHS = (
					"$(inherited)",
					"@executable_path/../Frameworks",
				);
				MARKETING_VERSION = 1.0;
				PRODUCT_BUNDLE_IDENTIFIER = kr.dy.EggTimer;
				PRODUCT_NAME = "$(TARGET_NAME)";
				SWIFT_EMIT_LOC_STRINGS = YES;
				SWIFT_VERSION = 5.0;
			};
			name = Release;
		};
/* End XCBuildConfiguration section */

/* Begin XCConfigurationList section */
		9706584528F942E000617165 /* Build configuration list for PBXProject "EggTimer" */ = {
			isa = XCConfigurationList;
			buildConfigurations = (
				9706585728F942E000617165 /* Debug */,
				9706585828F942E000617165 /* Release */,
			);
			defaultConfigurationIsVisible = 0;
			defaultConfigurationName = Release;
		};
		9706585928F942E000617165 /* Build configuration list for PBXNativeTarget "EggTimer" */ = {
			isa = XCConfigurationList;
			buildConfigurations = (
				9706585A28F942E000617165 /* Debug */,
				9706585B28F942E000617165 /* Release */,
			);
			defaultConfigurationIsVisible = 0;
			defaultConfigurationName = Release;
		};
/* End XCConfigurationList section */
	};
	rootObject = 9706584228F942E000617165 /* Project object */;
}
